
Microsoft Visual Studio Solution File, Format Version 12.00
# Visual Studio Version 17
VisualStudioVersion = 17.0.31919.166
MinimumVisualStudioVersion = 10.0.40219.1
Project("{2150E333-8FDC-42A3-9474-1A3956D46DE8}") = "Solution Items", "Solution Items", "{9A6CBF82-FCDA-4E68-8E1F-ABF6A46ABE7F}"
	ProjectSection(SolutionItems) = preProject
		.editorconfig = .editorconfig
		Directory.Build.props = Directory.Build.props
		LibTerminator\LibTerminator.csproj = LibTerminator\LibTerminator.csproj
		readme.md = readme.md
	EndProjectSection
EndProject
Project("{9A19103F-16F7-4668-BE54-9A1E7A4F7556}") = "LibSadConsole", "LibSadConsole\LibSadConsole.csproj", "{50177447-7722-4239-B22D-3DB40BF192B7}"
EndProject
Project("{9A19103F-16F7-4668-BE54-9A1E7A4F7556}") = "LibGamer", "LibGamer\LibGamer.csproj", "{4DD7D901-6366-455C-9479-2A068BE2FC2D}"
EndProject
Project("{9A19103F-16F7-4668-BE54-9A1E7A4F7556}") = "LibFrontier", "LibFrontier\LibFrontier.csproj", "{B38F8AE4-8F2A-4B91-9C9C-3258AE886F4D}"
EndProject
Project("{9A19103F-16F7-4668-BE54-9A1E7A4F7556}") = "SfmlFrontier", "SfmlFrontier\SfmlFrontier.csproj", "{4739711F-F2E6-4749-B499-255373BB1AC3}"
EndProject
Project("{9A19103F-16F7-4668-BE54-9A1E7A4F7556}") = "SfmlASECII", "SfmlASECII\SfmlASECII.csproj", "{98418BC4-9643-4946-B6EC-6192F35425E5}"
EndProject
Project("{9A19103F-16F7-4668-BE54-9A1E7A4F7556}") = "GdFrontier", "GdFrontier\GdFrontier.csproj", "{A5629A93-DD2D-4584-B879-34DD40345138}"
EndProject
Project("{9A19103F-16F7-4668-BE54-9A1E7A4F7556}") = "GdTerminator", "GdTerminator\GdTerminator.csproj", "{95A70518-2CEE-4568-879C-92D2303B4DD9}"
EndProject
Project("{9A19103F-16F7-4668-BE54-9A1E7A4F7556}") = "SfmlTerminator", "SfmlTerminator\SfmlTerminator.csproj", "{0F88F4DB-81BA-4270-B6E4-FE9F9ADA02A1}"
EndProject
Project("{9A19103F-16F7-4668-BE54-9A1E7A4F7556}") = "LibTerminator", "LibTerminator\LibTerminator.csproj", "{190FF905-A9A1-40FF-B748-7F19CE45E384}"
EndProject
Global
	GlobalSection(SolutionConfigurationPlatforms) = preSolution
		Debug|Any CPU = Debug|Any CPU
		ExportDebug|Any CPU = ExportDebug|Any CPU
		ExportRelease|Any CPU = ExportRelease|Any CPU
		Release|Any CPU = Release|Any CPU
	EndGlobalSection
	GlobalSection(ProjectConfigurationPlatforms) = postSolution
		{50177447-7722-4239-B22D-3DB40BF192B7}.Debug|Any CPU.ActiveCfg = Debug|Any CPU
		{50177447-7722-4239-B22D-3DB40BF192B7}.Debug|Any CPU.Build.0 = Debug|Any CPU
		{50177447-7722-4239-B22D-3DB40BF192B7}.ExportDebug|Any CPU.ActiveCfg = Debug|Any CPU
		{50177447-7722-4239-B22D-3DB40BF192B7}.ExportDebug|Any CPU.Build.0 = Debug|Any CPU
		{50177447-7722-4239-B22D-3DB40BF192B7}.ExportRelease|Any CPU.ActiveCfg = Release|Any CPU
		{50177447-7722-4239-B22D-3DB40BF192B7}.ExportRelease|Any CPU.Build.0 = Release|Any CPU
		{50177447-7722-4239-B22D-3DB40BF192B7}.Release|Any CPU.ActiveCfg = Release|Any CPU
		{50177447-7722-4239-B22D-3DB40BF192B7}.Release|Any CPU.Build.0 = Release|Any CPU
		{4DD7D901-6366-455C-9479-2A068BE2FC2D}.Debug|Any CPU.ActiveCfg = Debug|Any CPU
		{4DD7D901-6366-455C-9479-2A068BE2FC2D}.Debug|Any CPU.Build.0 = Debug|Any CPU
		{4DD7D901-6366-455C-9479-2A068BE2FC2D}.ExportDebug|Any CPU.ActiveCfg = Debug|Any CPU
		{4DD7D901-6366-455C-9479-2A068BE2FC2D}.ExportDebug|Any CPU.Build.0 = Debug|Any CPU
		{4DD7D901-6366-455C-9479-2A068BE2FC2D}.ExportRelease|Any CPU.ActiveCfg = Release|Any CPU
		{4DD7D901-6366-455C-9479-2A068BE2FC2D}.ExportRelease|Any CPU.Build.0 = Release|Any CPU
		{4DD7D901-6366-455C-9479-2A068BE2FC2D}.Release|Any CPU.ActiveCfg = Release|Any CPU
		{4DD7D901-6366-455C-9479-2A068BE2FC2D}.Release|Any CPU.Build.0 = Release|Any CPU
		{B38F8AE4-8F2A-4B91-9C9C-3258AE886F4D}.Debug|Any CPU.ActiveCfg = Debug|Any CPU
		{B38F8AE4-8F2A-4B91-9C9C-3258AE886F4D}.Debug|Any CPU.Build.0 = Debug|Any CPU
		{B38F8AE4-8F2A-4B91-9C9C-3258AE886F4D}.ExportDebug|Any CPU.ActiveCfg = Debug|Any CPU
		{B38F8AE4-8F2A-4B91-9C9C-3258AE886F4D}.ExportDebug|Any CPU.Build.0 = Debug|Any CPU
		{B38F8AE4-8F2A-4B91-9C9C-3258AE886F4D}.ExportRelease|Any CPU.ActiveCfg = Release|Any CPU
		{B38F8AE4-8F2A-4B91-9C9C-3258AE886F4D}.ExportRelease|Any CPU.Build.0 = Release|Any CPU
		{B38F8AE4-8F2A-4B91-9C9C-3258AE886F4D}.Release|Any CPU.ActiveCfg = Release|Any CPU
		{B38F8AE4-8F2A-4B91-9C9C-3258AE886F4D}.Release|Any CPU.Build.0 = Release|Any CPU
		{4739711F-F2E6-4749-B499-255373BB1AC3}.Debug|Any CPU.ActiveCfg = Debug|Any CPU
		{4739711F-F2E6-4749-B499-255373BB1AC3}.Debug|Any CPU.Build.0 = Debug|Any CPU
		{4739711F-F2E6-4749-B499-255373BB1AC3}.ExportDebug|Any CPU.ActiveCfg = Debug|Any CPU
		{4739711F-F2E6-4749-B499-255373BB1AC3}.ExportDebug|Any CPU.Build.0 = Debug|Any CPU
		{4739711F-F2E6-4749-B499-255373BB1AC3}.ExportRelease|Any CPU.ActiveCfg = Release|Any CPU
		{4739711F-F2E6-4749-B499-255373BB1AC3}.ExportRelease|Any CPU.Build.0 = Release|Any CPU
		{4739711F-F2E6-4749-B499-255373BB1AC3}.Release|Any CPU.ActiveCfg = Release|Any CPU
		{4739711F-F2E6-4749-B499-255373BB1AC3}.Release|Any CPU.Build.0 = Release|Any CPU
		{98418BC4-9643-4946-B6EC-6192F35425E5}.Debug|Any CPU.ActiveCfg = Debug|Any CPU
		{98418BC4-9643-4946-B6EC-6192F35425E5}.Debug|Any CPU.Build.0 = Debug|Any CPU
		{98418BC4-9643-4946-B6EC-6192F35425E5}.ExportDebug|Any CPU.ActiveCfg = Debug|Any CPU
		{98418BC4-9643-4946-B6EC-6192F35425E5}.ExportDebug|Any CPU.Build.0 = Debug|Any CPU
		{98418BC4-9643-4946-B6EC-6192F35425E5}.ExportRelease|Any CPU.ActiveCfg = Release|Any CPU
		{98418BC4-9643-4946-B6EC-6192F35425E5}.ExportRelease|Any CPU.Build.0 = Release|Any CPU
		{98418BC4-9643-4946-B6EC-6192F35425E5}.Release|Any CPU.ActiveCfg = Release|Any CPU
		{98418BC4-9643-4946-B6EC-6192F35425E5}.Release|Any CPU.Build.0 = Release|Any CPU
		{A5629A93-DD2D-4584-B879-34DD40345138}.Debug|Any CPU.ActiveCfg = Debug|Any CPU
		{A5629A93-DD2D-4584-B879-34DD40345138}.Debug|Any CPU.Build.0 = Debug|Any CPU
		{A5629A93-DD2D-4584-B879-34DD40345138}.ExportDebug|Any CPU.ActiveCfg = ExportDebug|Any CPU
		{A5629A93-DD2D-4584-B879-34DD40345138}.ExportDebug|Any CPU.Build.0 = ExportDebug|Any CPU
		{A5629A93-DD2D-4584-B879-34DD40345138}.ExportRelease|Any CPU.ActiveCfg = ExportRelease|Any CPU
		{A5629A93-DD2D-4584-B879-34DD40345138}.ExportRelease|Any CPU.Build.0 = ExportRelease|Any CPU
		{A5629A93-DD2D-4584-B879-34DD40345138}.Release|Any CPU.ActiveCfg = ExportRelease|Any CPU
		{A5629A93-DD2D-4584-B879-34DD40345138}.Release|Any CPU.Build.0 = ExportRelease|Any CPU
		{95A70518-2CEE-4568-879C-92D2303B4DD9}.Debug|Any CPU.ActiveCfg = Debug|Any CPU
		{95A70518-2CEE-4568-879C-92D2303B4DD9}.Debug|Any CPU.Build.0 = Debug|Any CPU
		{95A70518-2CEE-4568-879C-92D2303B4DD9}.ExportDebug|Any CPU.ActiveCfg = ExportDebug|Any CPU
		{95A70518-2CEE-4568-879C-92D2303B4DD9}.ExportDebug|Any CPU.Build.0 = ExportDebug|Any CPU
		{95A70518-2CEE-4568-879C-92D2303B4DD9}.ExportRelease|Any CPU.ActiveCfg = ExportRelease|Any CPU
		{95A70518-2CEE-4568-879C-92D2303B4DD9}.ExportRelease|Any CPU.Build.0 = ExportRelease|Any CPU
		{95A70518-2CEE-4568-879C-92D2303B4DD9}.Release|Any CPU.ActiveCfg = ExportRelease|Any CPU
		{95A70518-2CEE-4568-879C-92D2303B4DD9}.Release|Any CPU.Build.0 = ExportRelease|Any CPU
		{0F88F4DB-81BA-4270-B6E4-FE9F9ADA02A1}.Debug|Any CPU.ActiveCfg = Debug|Any CPU
		{0F88F4DB-81BA-4270-B6E4-FE9F9ADA02A1}.Debug|Any CPU.Build.0 = Debug|Any CPU
		{0F88F4DB-81BA-4270-B6E4-FE9F9ADA02A1}.ExportDebug|Any CPU.ActiveCfg = Debug|Any CPU
		{0F88F4DB-81BA-4270-B6E4-FE9F9ADA02A1}.ExportDebug|Any CPU.Build.0 = Debug|Any CPU
		{0F88F4DB-81BA-4270-B6E4-FE9F9ADA02A1}.ExportRelease|Any CPU.ActiveCfg = Release|Any CPU
		{0F88F4DB-81BA-4270-B6E4-FE9F9ADA02A1}.ExportRelease|Any CPU.Build.0 = Release|Any CPU
		{0F88F4DB-81BA-4270-B6E4-FE9F9ADA02A1}.Release|Any CPU.ActiveCfg = Release|Any CPU
		{0F88F4DB-81BA-4270-B6E4-FE9F9ADA02A1}.Release|Any CPU.Build.0 = Release|Any CPU
		{190FF905-A9A1-40FF-B748-7F19CE45E384}.Debug|Any CPU.ActiveCfg = Debug|Any CPU
		{190FF905-A9A1-40FF-B748-7F19CE45E384}.Debug|Any CPU.Build.0 = Debug|Any CPU
		{190FF905-A9A1-40FF-B748-7F19CE45E384}.ExportDebug|Any CPU.ActiveCfg = Debug|Any CPU
		{190FF905-A9A1-40FF-B748-7F19CE45E384}.ExportDebug|Any CPU.Build.0 = Debug|Any CPU
		{190FF905-A9A1-40FF-B748-7F19CE45E384}.ExportRelease|Any CPU.ActiveCfg = Release|Any CPU
		{190FF905-A9A1-40FF-B748-7F19CE45E384}.ExportRelease|Any CPU.Build.0 = Release|Any CPU
		{190FF905-A9A1-40FF-B748-7F19CE45E384}.Release|Any CPU.ActiveCfg = Release|Any CPU
		{190FF905-A9A1-40FF-B748-7F19CE45E384}.Release|Any CPU.Build.0 = Release|Any CPU
	EndGlobalSection
	GlobalSection(SolutionProperties) = preSolution
		HideSolutionNode = FALSE
	EndGlobalSection
	GlobalSection(ExtensibilityGlobals) = postSolution
		SolutionGuid = {433D7B7B-5996-47FA-AEB9-01C7D75B7294}
	EndGlobalSection
EndGlobal
